
Microsoft Visual Studio Solution File, Format Version 12.00
# Visual Studio Version 17
VisualStudioVersion = 17.3.32901.215
MinimumVisualStudioVersion = 10.0.40219.1
Project("{9A19103F-16F7-4668-BE54-9A1E7A4F7556}") = "OrderShot", "OrderShot\OrderShot.csproj", "{9E80D125-FC86-463C-8CE7-F251796D81B2}"
EndProject
Project("{9A19103F-16F7-4668-BE54-9A1E7A4F7556}") = "OrderShotServer", "OrderShotServer\OrderShotServer.csproj", "{B6BB10BD-823E-4FB9-9DA5-165CE39F1D0C}"
EndProject
Project("{9A19103F-16F7-4668-BE54-9A1E7A4F7556}") = "OrderShotControlLibrary", "OrderShotControlLibrary\OrderShotControlLibrary.csproj", "{997AC884-4B4E-4CBF-9408-91DC2C6A23EE}"
EndProject
Project("{9A19103F-16F7-4668-BE54-9A1E7A4F7556}") = "Library", "Library\Library.csproj", "{D22CFBA6-F5F5-4A3E-9113-C5DDE9DCAF50}"
EndProject
Project("{FAE04EC0-301F-11D3-BF4B-00C04F79EFBC}") = "ConsoleBinance", "ConsoleBinance\ConsoleBinance.csproj", "{57E3A03F-4CF0-4884-9F38-CA33DE80E112}"
EndProject
Global
	GlobalSection(SolutionConfigurationPlatforms) = preSolution
		Debug|Any CPU = Debug|Any CPU
		Release|Any CPU = Release|Any CPU
	EndGlobalSection
	GlobalSection(ProjectConfigurationPlatforms) = postSolution
		{9E80D125-FC86-463C-8CE7-F251796D81B2}.Debug|Any CPU.ActiveCfg = Debug|Any CPU
		{9E80D125-FC86-463C-8CE7-F251796D81B2}.Debug|Any CPU.Build.0 = Debug|Any CPU
		{9E80D125-FC86-463C-8CE7-F251796D81B2}.Release|Any CPU.ActiveCfg = Release|Any CPU
		{9E80D125-FC86-463C-8CE7-F251796D81B2}.Release|Any CPU.Build.0 = Release|Any CPU
		{B6BB10BD-823E-4FB9-9DA5-165CE39F1D0C}.Debug|Any CPU.ActiveCfg = Debug|Any CPU
		{B6BB10BD-823E-4FB9-9DA5-165CE39F1D0C}.Debug|Any CPU.Build.0 = Debug|Any CPU
		{B6BB10BD-823E-4FB9-9DA5-165CE39F1D0C}.Release|Any CPU.ActiveCfg = Release|Any CPU
		{B6BB10BD-823E-4FB9-9DA5-165CE39F1D0C}.Release|Any CPU.Build.0 = Release|Any CPU
		{997AC884-4B4E-4CBF-9408-91DC2C6A23EE}.Debug|Any CPU.ActiveCfg = Debug|Any CPU
		{997AC884-4B4E-4CBF-9408-91DC2C6A23EE}.Debug|Any CPU.Build.0 = Debug|Any CPU
		{997AC884-4B4E-4CBF-9408-91DC2C6A23EE}.Release|Any CPU.ActiveCfg = Release|Any CPU
		{997AC884-4B4E-4CBF-9408-91DC2C6A23EE}.Release|Any CPU.Build.0 = Release|Any CPU
		{D22CFBA6-F5F5-4A3E-9113-C5DDE9DCAF50}.Debug|Any CPU.ActiveCfg = Debug|Any CPU
		{D22CFBA6-F5F5-4A3E-9113-C5DDE9DCAF50}.Debug|Any CPU.Build.0 = Debug|Any CPU
		{D22CFBA6-F5F5-4A3E-9113-C5DDE9DCAF50}.Release|Any CPU.ActiveCfg = Release|Any CPU
		{D22CFBA6-F5F5-4A3E-9113-C5DDE9DCAF50}.Release|Any CPU.Build.0 = Release|Any CPU
		{57E3A03F-4CF0-4884-9F38-CA33DE80E112}.Debug|Any CPU.ActiveCfg = Debug|Any CPU
		{57E3A03F-4CF0-4884-9F38-CA33DE80E112}.Debug|Any CPU.Build.0 = Debug|Any CPU
		{57E3A03F-4CF0-4884-9F38-CA33DE80E112}.Release|Any CPU.ActiveCfg = Release|Any CPU
		{57E3A03F-4CF0-4884-9F38-CA33DE80E112}.Release|Any CPU.Build.0 = Release|Any CPU
	EndGlobalSection
	GlobalSection(SolutionProperties) = preSolution
		HideSolutionNode = FALSE
	EndGlobalSection
	GlobalSection(ExtensibilityGlobals) = postSolution
		SolutionGuid = {B26D94EC-FF2F-4480-815C-258346E13384}
	EndGlobalSection
EndGlobal
